
Microsoft Visual Studio Solution File, Format Version 12.00
# Visual Studio Version 16
VisualStudioVersion = 16.0.35026.282
MinimumVisualStudioVersion = 10.0.40219.1
Project("{FE7A1B72-C5B7-4D7C-BB7D-76384D4DE8E1}") = "TcHmiFileViewer", "TcHmiFileViewer\TcHmiFileViewer.hmiproj", "{3EE0ADA4-E190-4EAE-B35F-11390C201687}"
EndProject
Global
	GlobalSection(SolutionConfigurationPlatforms) = preSolution
		Debug|TwinCAT HMI = Debug|TwinCAT HMI
		Release|TwinCAT HMI = Release|TwinCAT HMI
	EndGlobalSection
	GlobalSection(ProjectConfigurationPlatforms) = postSolution
		{3EE0ADA4-E190-4EAE-B35F-11390C201687}.Debug|TwinCAT HMI.ActiveCfg = Debug|TwinCAT HMI
		{3EE0ADA4-E190-4EAE-B35F-11390C201687}.Debug|TwinCAT HMI.Build.0 = Debug|TwinCAT HMI
		{3EE0ADA4-E190-4EAE-B35F-11390C201687}.Release|TwinCAT HMI.ActiveCfg = Release|TwinCAT HMI
		{3EE0ADA4-E190-4EAE-B35F-11390C201687}.Release|TwinCAT HMI.Build.0 = Release|TwinCAT HMI
	EndGlobalSection
	GlobalSection(SolutionProperties) = preSolution
		HideSolutionNode = FALSE
	EndGlobalSection
	GlobalSection(ExtensibilityGlobals) = postSolution
		SolutionGuid = {5F1C2931-281A-4792-8620-C08229B7955B}
	EndGlobalSection
EndGlobal
